
Microsoft Visual Studio Solution File, Format Version 12.00
# Visual Studio Version 16
VisualStudioVersion = 16.0.29806.167
MinimumVisualStudioVersion = 10.0.40219.1
Project("{E24C65DC-7377-472B-9ABA-BC803B73C61A}") = "MyFirstTelerikSite", ".", "{0664EDC5-136E-43A1-B1BC-DBDC8D49D839}"
	ProjectSection(WebsiteProperties) = preProject
		TargetFrameworkMoniker = ".NETFramework,Version%3Dv4.5"
		Debug.AspNetCompiler.VirtualPath = "/localhost_59439"
		Debug.AspNetCompiler.PhysicalPath = "..\MyFirstTelerikSite\"
		Debug.AspNetCompiler.TargetPath = "PrecompiledWeb\localhost_59439\"
		Debug.AspNetCompiler.Updateable = "true"
		Debug.AspNetCompiler.ForceOverwrite = "true"
		Debug.AspNetCompiler.FixedNames = "false"
		Debug.AspNetCompiler.Debug = "True"
		Release.AspNetCompiler.VirtualPath = "/localhost_59439"
		Release.AspNetCompiler.PhysicalPath = "..\MyFirstTelerikSite\"
		Release.AspNetCompiler.TargetPath = "PrecompiledWeb\localhost_59439\"
		Release.AspNetCompiler.Updateable = "true"
		Release.AspNetCompiler.ForceOverwrite = "true"
		Release.AspNetCompiler.FixedNames = "false"
		Release.AspNetCompiler.Debug = "False"
		VWDPort = "59439"
		SlnRelativePath = "..\MyFirstTelerikSite\"
		DefaultWebSiteLanguage = "Visual C#"
	EndProjectSection
EndProject
Global
	GlobalSection(SolutionConfigurationPlatforms) = preSolution
		Debug|Any CPU = Debug|Any CPU
	EndGlobalSection
	GlobalSection(ProjectConfigurationPlatforms) = postSolution
		{0664EDC5-136E-43A1-B1BC-DBDC8D49D839}.Debug|Any CPU.ActiveCfg = Debug|Any CPU
		{0664EDC5-136E-43A1-B1BC-DBDC8D49D839}.Debug|Any CPU.Build.0 = Debug|Any CPU
	EndGlobalSection
	GlobalSection(SolutionProperties) = preSolution
		HideSolutionNode = FALSE
	EndGlobalSection
	GlobalSection(ExtensibilityGlobals) = postSolution
		SolutionGuid = {06B2F3D7-465A-4B75-8761-5485DC28B806}
	EndGlobalSection
EndGlobal
