
Microsoft Visual Studio Solution File, Format Version 12.00
# Visual Studio 2012
Project("{2150E333-8FDC-42A3-9474-1A3956D46DE8}") = "Solution Items", "Solution Items", "{35052072-616B-4A33-82A0-DD67F48DF471}"
	ProjectSection(SolutionItems) = preProject
		Readme.txt = Readme.txt
	EndProjectSection
EndProject
Project("{E24C65DC-7377-472B-9ABA-BC803B73C61A}") = "YearView", "YearView", "{535BB2FE-B8CF-4309-B813-0B1CFE82FEC7}"
	ProjectSection(WebsiteProperties) = preProject
		SccProjectName = "SAK"
		SccAuxPath = "SAK"
		SccLocalPath = "SAK"
		SccProvider = "SAK"
		TargetFrameworkMoniker = ".NETFramework,Version%3Dv4.0"
		Debug.AspNetCompiler.VirtualPath = "/YearView"
		Debug.AspNetCompiler.PhysicalPath = "YearView\"
		Debug.AspNetCompiler.TargetPath = "PrecompiledWeb\YearView\"
		Debug.AspNetCompiler.Updateable = "true"
		Debug.AspNetCompiler.ForceOverwrite = "true"
		Debug.AspNetCompiler.FixedNames = "false"
		Debug.AspNetCompiler.Debug = "True"
		Release.AspNetCompiler.VirtualPath = "/YearView"
		Release.AspNetCompiler.PhysicalPath = "YearView\"
		Release.AspNetCompiler.TargetPath = "PrecompiledWeb\YearView\"
		Release.AspNetCompiler.Updateable = "true"
		Release.AspNetCompiler.ForceOverwrite = "true"
		Release.AspNetCompiler.FixedNames = "false"
		Release.AspNetCompiler.Debug = "False"
		VWDPort = "24363"
	EndProjectSection
EndProject
Project("{E24C65DC-7377-472B-9ABA-BC803B73C61A}") = "FilteringMultipleResourcesWithComboBox", "FilteringMultipleResourcesWithComboBox", "{F0F07169-B3C6-4BF7-B48D-289F5954526E}"
	ProjectSection(WebsiteProperties) = preProject
		SccProjectName = "SAK"
		SccAuxPath = "SAK"
		SccLocalPath = "SAK"
		SccProvider = "SAK"
		TargetFrameworkMoniker = ".NETFramework,Version%3Dv4.0"
		Debug.AspNetCompiler.VirtualPath = "/FilteringMultipleResourcesWithComboBox"
		Debug.AspNetCompiler.PhysicalPath = "FilteringMultipleResourcesWithComboBox\"
		Debug.AspNetCompiler.TargetPath = "PrecompiledWeb\FilteringMultipleResourcesWithComboBox\"
		Debug.AspNetCompiler.Updateable = "true"
		Debug.AspNetCompiler.ForceOverwrite = "true"
		Debug.AspNetCompiler.FixedNames = "false"
		Debug.AspNetCompiler.Debug = "True"
		Release.AspNetCompiler.VirtualPath = "/FilteringMultipleResourcesWithComboBox"
		Release.AspNetCompiler.PhysicalPath = "FilteringMultipleResourcesWithComboBox\"
		Release.AspNetCompiler.TargetPath = "PrecompiledWeb\FilteringMultipleResourcesWithComboBox\"
		Release.AspNetCompiler.Updateable = "true"
		Release.AspNetCompiler.ForceOverwrite = "true"
		Release.AspNetCompiler.FixedNames = "false"
		Release.AspNetCompiler.Debug = "False"
		VWDPort = "24365"
	EndProjectSection
EndProject
Project("{E24C65DC-7377-472B-9ABA-BC803B73C61A}") = "AlphabeticalResourceFiltering", "AlphabeticalResourceFiltering", "{6A61A7C9-1B89-4A12-9CA5-C9B91889E540}"
	ProjectSection(WebsiteProperties) = preProject
		SccProjectName = "SAK"
		SccAuxPath = "SAK"
		SccLocalPath = "SAK"
		SccProvider = "SAK"
		TargetFrameworkMoniker = ".NETFramework,Version%3Dv4.0"
		Debug.AspNetCompiler.VirtualPath = "/AlphabeticalResourceFiltering"
		Debug.AspNetCompiler.PhysicalPath = "AlphabeticalResourceFiltering\"
		Debug.AspNetCompiler.TargetPath = "PrecompiledWeb\AlphabeticalResourceFiltering\"
		Debug.AspNetCompiler.Updateable = "true"
		Debug.AspNetCompiler.ForceOverwrite = "true"
		Debug.AspNetCompiler.FixedNames = "false"
		Debug.AspNetCompiler.Debug = "True"
		Release.AspNetCompiler.VirtualPath = "/AlphabeticalResourceFiltering"
		Release.AspNetCompiler.PhysicalPath = "AlphabeticalResourceFiltering\"
		Release.AspNetCompiler.TargetPath = "PrecompiledWeb\AlphabeticalResourceFiltering\"
		Release.AspNetCompiler.Updateable = "true"
		Release.AspNetCompiler.ForceOverwrite = "true"
		Release.AspNetCompiler.FixedNames = "false"
		Release.AspNetCompiler.Debug = "False"
		VWDPort = "24366"
	EndProjectSection
EndProject
Project("{E24C65DC-7377-472B-9ABA-BC803B73C61A}") = "MultipleResourcesWithProviderAndSQLDataSource", "MultipleResourcesWithProviderAndSQLDataSource", "{0347E469-E17E-4561-900C-56E84725FE25}"
	ProjectSection(WebsiteProperties) = preProject
		SccProjectName = "SAK"
		SccAuxPath = "SAK"
		SccLocalPath = "SAK"
		SccProvider = "SAK"
		TargetFrameworkMoniker = ".NETFramework,Version%3Dv4.0"
		Debug.AspNetCompiler.VirtualPath = "/MultipleResourcesWithProviderAndSQLDataSource"
		Debug.AspNetCompiler.PhysicalPath = "MultipleResourcesWithProviderAndSQLDataSource\"
		Debug.AspNetCompiler.TargetPath = "PrecompiledWeb\MultipleResourcesWithProviderAndSQLDataSource\"
		Debug.AspNetCompiler.Updateable = "true"
		Debug.AspNetCompiler.ForceOverwrite = "true"
		Debug.AspNetCompiler.FixedNames = "false"
		Debug.AspNetCompiler.Debug = "True"
		Release.AspNetCompiler.VirtualPath = "/MultipleResourcesWithProviderAndSQLDataSource"
		Release.AspNetCompiler.PhysicalPath = "MultipleResourcesWithProviderAndSQLDataSource\"
		Release.AspNetCompiler.TargetPath = "PrecompiledWeb\MultipleResourcesWithProviderAndSQLDataSource\"
		Release.AspNetCompiler.Updateable = "true"
		Release.AspNetCompiler.ForceOverwrite = "true"
		Release.AspNetCompiler.FixedNames = "false"
		Release.AspNetCompiler.Debug = "False"
		VWDPort = "24364"
	EndProjectSection
EndProject
Project("{E24C65DC-7377-472B-9ABA-BC803B73C61A}") = "ExchangeCalendarSync", "ExchangeCalendarSync", "{4B75C945-F29E-4D17-9722-F7126416E68A}"
	ProjectSection(WebsiteProperties) = preProject
		SccProjectName = "SAK"
		SccAuxPath = "SAK"
		SccLocalPath = "SAK"
		SccProvider = "SAK"
		TargetFrameworkMoniker = ".NETFramework,Version%3Dv4.0"
		Debug.AspNetCompiler.VirtualPath = "/ExchangeCalendarSync"
		Debug.AspNetCompiler.PhysicalPath = "ExchangeCalendarSync\"
		Debug.AspNetCompiler.TargetPath = "PrecompiledWeb\ExchangeCalendarSync\"
		Debug.AspNetCompiler.Updateable = "true"
		Debug.AspNetCompiler.ForceOverwrite = "true"
		Debug.AspNetCompiler.FixedNames = "false"
		Debug.AspNetCompiler.Debug = "True"
		Release.AspNetCompiler.VirtualPath = "/ExchangeCalendarSync"
		Release.AspNetCompiler.PhysicalPath = "ExchangeCalendarSync\"
		Release.AspNetCompiler.TargetPath = "PrecompiledWeb\ExchangeCalendarSync\"
		Release.AspNetCompiler.Updateable = "true"
		Release.AspNetCompiler.ForceOverwrite = "true"
		Release.AspNetCompiler.FixedNames = "false"
		Release.AspNetCompiler.Debug = "False"
		VWDPort = "54596"
	EndProjectSection
EndProject
Project("{E24C65DC-7377-472B-9ABA-BC803B73C61A}") = "WebApiBinding", "WebApiBinding", "{FB1A6790-26D3-4C65-9741-851A6D58FD97}"
	ProjectSection(WebsiteProperties) = preProject
		SccProjectName = "SAK"
		SccAuxPath = "SAK"
		SccLocalPath = "SAK"
		SccProvider = "SAK"
		TargetFrameworkMoniker = ".NETFramework,Version%3Dv4.5"
		Debug.AspNetCompiler.VirtualPath = "/WebApiBinding"
		Debug.AspNetCompiler.PhysicalPath = "WebApiBinding\"
		Debug.AspNetCompiler.TargetPath = "PrecompiledWeb\WebApiBinding\"
		Debug.AspNetCompiler.Updateable = "true"
		Debug.AspNetCompiler.ForceOverwrite = "true"
		Debug.AspNetCompiler.FixedNames = "false"
		Debug.AspNetCompiler.Debug = "True"
		Release.AspNetCompiler.VirtualPath = "/WebApiBinding"
		Release.AspNetCompiler.PhysicalPath = "WebApiBinding\"
		Release.AspNetCompiler.TargetPath = "PrecompiledWeb\WebApiBinding\"
		Release.AspNetCompiler.Updateable = "true"
		Release.AspNetCompiler.ForceOverwrite = "true"
		Release.AspNetCompiler.FixedNames = "false"
		Release.AspNetCompiler.Debug = "False"
		VWDPort = "64155"
	EndProjectSection
EndProject
Global
	 
	GlobalSection(SolutionConfigurationPlatforms) = preSolution
		Debug|Any CPU = Debug|Any CPU
	EndGlobalSection
	GlobalSection(ProjectConfigurationPlatforms) = postSolution
		{535BB2FE-B8CF-4309-B813-0B1CFE82FEC7}.Debug|Any CPU.ActiveCfg = Debug|Any CPU
		{535BB2FE-B8CF-4309-B813-0B1CFE82FEC7}.Debug|Any CPU.Build.0 = Debug|Any CPU
		{F0F07169-B3C6-4BF7-B48D-289F5954526E}.Debug|Any CPU.ActiveCfg = Debug|Any CPU
		{F0F07169-B3C6-4BF7-B48D-289F5954526E}.Debug|Any CPU.Build.0 = Debug|Any CPU
		{6A61A7C9-1B89-4A12-9CA5-C9B91889E540}.Debug|Any CPU.ActiveCfg = Debug|Any CPU
		{6A61A7C9-1B89-4A12-9CA5-C9B91889E540}.Debug|Any CPU.Build.0 = Debug|Any CPU
		{0347E469-E17E-4561-900C-56E84725FE25}.Debug|Any CPU.ActiveCfg = Debug|Any CPU
		{0347E469-E17E-4561-900C-56E84725FE25}.Debug|Any CPU.Build.0 = Debug|Any CPU
		{4B75C945-F29E-4D17-9722-F7126416E68A}.Debug|Any CPU.ActiveCfg = Debug|Any CPU
		{4B75C945-F29E-4D17-9722-F7126416E68A}.Debug|Any CPU.Build.0 = Debug|Any CPU
		{FB1A6790-26D3-4C65-9741-851A6D58FD97}.Debug|Any CPU.ActiveCfg = Debug|Any CPU
		{FB1A6790-26D3-4C65-9741-851A6D58FD97}.Debug|Any CPU.Build.0 = Debug|Any CPU
	EndGlobalSection
	GlobalSection(SolutionProperties) = preSolution
		HideSolutionNode = FALSE
	EndGlobalSection
EndGlobal
