
Microsoft Visual Studio Solution File, Format Version 12.00
# Visual Studio 2012
Project("{E24C65DC-7377-472B-9ABA-BC803B73C61A}") = "UploadZipSave", "UploadZipSave", "{2CC627CE-FFBC-4D15-BC0A-D28D8E35F353}"
	ProjectSection(WebsiteProperties) = preProject
		TargetFrameworkMoniker = ".NETFramework,Version%3Dv4.5"
		Debug.AspNetCompiler.VirtualPath = "/UploadZipSave"
		Debug.AspNetCompiler.PhysicalPath = "UploadZipSave\"
		Debug.AspNetCompiler.TargetPath = "PrecompiledWeb\UploadZipSave\"
		Debug.AspNetCompiler.Updateable = "true"
		Debug.AspNetCompiler.ForceOverwrite = "true"
		Debug.AspNetCompiler.FixedNames = "false"
		Debug.AspNetCompiler.Debug = "True"
		Release.AspNetCompiler.VirtualPath = "/UploadZipSave"
		Release.AspNetCompiler.PhysicalPath = "UploadZipSave\"
		Release.AspNetCompiler.TargetPath = "PrecompiledWeb\UploadZipSave\"
		Release.AspNetCompiler.Updateable = "true"
		Release.AspNetCompiler.ForceOverwrite = "true"
		Release.AspNetCompiler.FixedNames = "false"
		Release.AspNetCompiler.Debug = "False"
		VWDPort = "63426"
	EndProjectSection
EndProject
Global
	GlobalSection(SolutionConfigurationPlatforms) = preSolution
		Debug|Any CPU = Debug|Any CPU
	EndGlobalSection
	GlobalSection(ProjectConfigurationPlatforms) = postSolution
		{2CC627CE-FFBC-4D15-BC0A-D28D8E35F353}.Debug|Any CPU.ActiveCfg = Debug|Any CPU
		{2CC627CE-FFBC-4D15-BC0A-D28D8E35F353}.Debug|Any CPU.Build.0 = Debug|Any CPU
	EndGlobalSection
	GlobalSection(SolutionProperties) = preSolution
		HideSolutionNode = FALSE
	EndGlobalSection
EndGlobal
